
Microsoft Visual Studio Solution File, Format Version 12.00
# Visual Studio 14
VisualStudioVersion = 14.0.25420.1
MinimumVisualStudioVersion = 10.0.40219.1
Project("{8BC9CEB8-8B4A-11D0-8D11-00A0C91BC942}") = "button-lua", "button-lua\button-lua.vcxproj", "{2B11DF7D-0B10-468D-A8FB-69476CA51D19}"
	ProjectSection(ProjectDependencies) = postProject
		{9B550E26-A06B-4B9F-A177-389F2B2A84C9} = {9B550E26-A06B-4B9F-A177-389F2B2A84C9}
		{ED829C4E-FDC3-4B9B-B0FC-6893EF791D91} = {ED829C4E-FDC3-4B9B-B0FC-6893EF791D91}
	EndProjectSection
EndProject
Project("{8BC9CEB8-8B4A-11D0-8D11-00A0C91BC942}") = "liblua", "liblua\liblua.vcxproj", "{9B550E26-A06B-4B9F-A177-389F2B2A84C9}"
EndProject
Project("{8BC9CEB8-8B4A-11D0-8D11-00A0C91BC942}") = "lua", "lua\lua.vcxproj", "{ED829C4E-FDC3-4B9B-B0FC-6893EF791D91}"
	ProjectSection(ProjectDependencies) = postProject
		{9B550E26-A06B-4B9F-A177-389F2B2A84C9} = {9B550E26-A06B-4B9F-A177-389F2B2A84C9}
	EndProjectSection
EndProject
Global
	GlobalSection(SolutionConfigurationPlatforms) = preSolution
		Debug|Win32 = Debug|Win32
		Debug|x64 = Debug|x64
		Release|Win32 = Release|Win32
		Release|x64 = Release|x64
	EndGlobalSection
	GlobalSection(ProjectConfigurationPlatforms) = postSolution
		{2B11DF7D-0B10-468D-A8FB-69476CA51D19}.Debug|Win32.ActiveCfg = Debug|Win32
		{2B11DF7D-0B10-468D-A8FB-69476CA51D19}.Debug|Win32.Build.0 = Debug|Win32
		{2B11DF7D-0B10-468D-A8FB-69476CA51D19}.Debug|x64.ActiveCfg = Debug|x64
		{2B11DF7D-0B10-468D-A8FB-69476CA51D19}.Debug|x64.Build.0 = Debug|x64
		{2B11DF7D-0B10-468D-A8FB-69476CA51D19}.Release|Win32.ActiveCfg = Release|Win32
		{2B11DF7D-0B10-468D-A8FB-69476CA51D19}.Release|Win32.Build.0 = Release|Win32
		{2B11DF7D-0B10-468D-A8FB-69476CA51D19}.Release|x64.ActiveCfg = Release|x64
		{2B11DF7D-0B10-468D-A8FB-69476CA51D19}.Release|x64.Build.0 = Release|x64
		{9B550E26-A06B-4B9F-A177-389F2B2A84C9}.Debug|Win32.ActiveCfg = Debug|Win32
		{9B550E26-A06B-4B9F-A177-389F2B2A84C9}.Debug|Win32.Build.0 = Debug|Win32
		{9B550E26-A06B-4B9F-A177-389F2B2A84C9}.Debug|x64.ActiveCfg = Debug|x64
		{9B550E26-A06B-4B9F-A177-389F2B2A84C9}.Debug|x64.Build.0 = Debug|x64
		{9B550E26-A06B-4B9F-A177-389F2B2A84C9}.Release|Win32.ActiveCfg = Release|Win32
		{9B550E26-A06B-4B9F-A177-389F2B2A84C9}.Release|Win32.Build.0 = Release|Win32
		{9B550E26-A06B-4B9F-A177-389F2B2A84C9}.Release|x64.ActiveCfg = Release|x64
		{9B550E26-A06B-4B9F-A177-389F2B2A84C9}.Release|x64.Build.0 = Release|x64
		{ED829C4E-FDC3-4B9B-B0FC-6893EF791D91}.Debug|Win32.ActiveCfg = Debug|Win32
		{ED829C4E-FDC3-4B9B-B0FC-6893EF791D91}.Debug|Win32.Build.0 = Debug|Win32
		{ED829C4E-FDC3-4B9B-B0FC-6893EF791D91}.Debug|x64.ActiveCfg = Debug|x64
		{ED829C4E-FDC3-4B9B-B0FC-6893EF791D91}.Debug|x64.Build.0 = Debug|x64
		{ED829C4E-FDC3-4B9B-B0FC-6893EF791D91}.Release|Win32.ActiveCfg = Release|Win32
		{ED829C4E-FDC3-4B9B-B0FC-6893EF791D91}.Release|Win32.Build.0 = Release|Win32
		{ED829C4E-FDC3-4B9B-B0FC-6893EF791D91}.Release|x64.ActiveCfg = Release|x64
		{ED829C4E-FDC3-4B9B-B0FC-6893EF791D91}.Release|x64.Build.0 = Release|x64
	EndGlobalSection
	GlobalSection(SolutionProperties) = preSolution
		HideSolutionNode = FALSE
	EndGlobalSection
EndGlobal
